
Microsoft Visual Studio Solution File, Format Version 12.00
# Visual Studio Version 17
VisualStudioVersion = 17.0.31903.59
MinimumVisualStudioVersion = 10.0.40219.1
Project("{2150E333-8FDC-42A3-9474-1A3956D46DE8}") = "src", "src", "{827E0CD3-B72D-47B6-A68D-7590B98EB39B}"
EndProject
Project("{2150E333-8FDC-42A3-9474-1A3956D46DE8}") = "Domain", "Domain", "{8B290487-4C16-E85E-E807-F579CBE9FC4D}"
EndProject
Project("{FAE04EC0-301F-11D3-BF4B-00C04F79EFBC}") = "ProductsApp.Domain", "src\Domain\ProductsApp.Domain.csproj", "{51CBB43F-2FC2-427B-ACDB-C836051798AB}"
EndProject
Project("{2150E333-8FDC-42A3-9474-1A3956D46DE8}") = "Application", "Application", "{22BAF98C-8415-17C4-B26A-D537657BC863}"
EndProject
Project("{FAE04EC0-301F-11D3-BF4B-00C04F79EFBC}") = "ProductsApp.Application", "src\Application\ProductsApp.Application.csproj", "{DC9821D9-D6A7-4069-9133-A1E685A8CBBC}"
EndProject
Project("{2150E333-8FDC-42A3-9474-1A3956D46DE8}") = "Infrastructure", "Infrastructure", "{9048EB7F-3875-A59E-E36B-5BD4C6F2A282}"
EndProject
Project("{FAE04EC0-301F-11D3-BF4B-00C04F79EFBC}") = "ProductsApp.Infrastructure", "src\Infrastructure\ProductsApp.Infrastructure.csproj", "{5A14D268-F9A2-434B-96B6-40D6069DED0B}"
EndProject
Project("{2150E333-8FDC-42A3-9474-1A3956D46DE8}") = "WebApi", "WebApi", "{953D89DF-FDD2-4C1A-6A43-6326114B13B5}"
EndProject
Project("{FAE04EC0-301F-11D3-BF4B-00C04F79EFBC}") = "ProductsApp.WebApi", "src\WebApi\ProductsApp.WebApi.csproj", "{EB520907-4F1C-4A96-B1D1-3E11D8295EC6}"
EndProject
Global
	GlobalSection(SolutionConfigurationPlatforms) = preSolution
		Debug|Any CPU = Debug|Any CPU
		Debug|x64 = Debug|x64
		Debug|x86 = Debug|x86
		Release|Any CPU = Release|Any CPU
		Release|x64 = Release|x64
		Release|x86 = Release|x86
	EndGlobalSection
	GlobalSection(ProjectConfigurationPlatforms) = postSolution
		{51CBB43F-2FC2-427B-ACDB-C836051798AB}.Debug|Any CPU.ActiveCfg = Debug|Any CPU
		{51CBB43F-2FC2-427B-ACDB-C836051798AB}.Debug|Any CPU.Build.0 = Debug|Any CPU
		{51CBB43F-2FC2-427B-ACDB-C836051798AB}.Debug|x64.ActiveCfg = Debug|Any CPU
		{51CBB43F-2FC2-427B-ACDB-C836051798AB}.Debug|x64.Build.0 = Debug|Any CPU
		{51CBB43F-2FC2-427B-ACDB-C836051798AB}.Debug|x86.ActiveCfg = Debug|Any CPU
		{51CBB43F-2FC2-427B-ACDB-C836051798AB}.Debug|x86.Build.0 = Debug|Any CPU
		{51CBB43F-2FC2-427B-ACDB-C836051798AB}.Release|Any CPU.ActiveCfg = Release|Any CPU
		{51CBB43F-2FC2-427B-ACDB-C836051798AB}.Release|Any CPU.Build.0 = Release|Any CPU
		{51CBB43F-2FC2-427B-ACDB-C836051798AB}.Release|x64.ActiveCfg = Release|Any CPU
		{51CBB43F-2FC2-427B-ACDB-C836051798AB}.Release|x64.Build.0 = Release|Any CPU
		{51CBB43F-2FC2-427B-ACDB-C836051798AB}.Release|x86.ActiveCfg = Release|Any CPU
		{51CBB43F-2FC2-427B-ACDB-C836051798AB}.Release|x86.Build.0 = Release|Any CPU
		{DC9821D9-D6A7-4069-9133-A1E685A8CBBC}.Debug|Any CPU.ActiveCfg = Debug|Any CPU
		{DC9821D9-D6A7-4069-9133-A1E685A8CBBC}.Debug|Any CPU.Build.0 = Debug|Any CPU
		{DC9821D9-D6A7-4069-9133-A1E685A8CBBC}.Debug|x64.ActiveCfg = Debug|Any CPU
		{DC9821D9-D6A7-4069-9133-A1E685A8CBBC}.Debug|x64.Build.0 = Debug|Any CPU
		{DC9821D9-D6A7-4069-9133-A1E685A8CBBC}.Debug|x86.ActiveCfg = Debug|Any CPU
		{DC9821D9-D6A7-4069-9133-A1E685A8CBBC}.Debug|x86.Build.0 = Debug|Any CPU
		{DC9821D9-D6A7-4069-9133-A1E685A8CBBC}.Release|Any CPU.ActiveCfg = Release|Any CPU
		{DC9821D9-D6A7-4069-9133-A1E685A8CBBC}.Release|Any CPU.Build.0 = Release|Any CPU
		{DC9821D9-D6A7-4069-9133-A1E685A8CBBC}.Release|x64.ActiveCfg = Release|Any CPU
		{DC9821D9-D6A7-4069-9133-A1E685A8CBBC}.Release|x64.Build.0 = Release|Any CPU
		{DC9821D9-D6A7-4069-9133-A1E685A8CBBC}.Release|x86.ActiveCfg = Release|Any CPU
		{DC9821D9-D6A7-4069-9133-A1E685A8CBBC}.Release|x86.Build.0 = Release|Any CPU
		{5A14D268-F9A2-434B-96B6-40D6069DED0B}.Debug|Any CPU.ActiveCfg = Debug|Any CPU
		{5A14D268-F9A2-434B-96B6-40D6069DED0B}.Debug|Any CPU.Build.0 = Debug|Any CPU
		{5A14D268-F9A2-434B-96B6-40D6069DED0B}.Debug|x64.ActiveCfg = Debug|Any CPU
		{5A14D268-F9A2-434B-96B6-40D6069DED0B}.Debug|x64.Build.0 = Debug|Any CPU
		{5A14D268-F9A2-434B-96B6-40D6069DED0B}.Debug|x86.ActiveCfg = Debug|Any CPU
		{5A14D268-F9A2-434B-96B6-40D6069DED0B}.Debug|x86.Build.0 = Debug|Any CPU
		{5A14D268-F9A2-434B-96B6-40D6069DED0B}.Release|Any CPU.ActiveCfg = Release|Any CPU
		{5A14D268-F9A2-434B-96B6-40D6069DED0B}.Release|Any CPU.Build.0 = Release|Any CPU
		{5A14D268-F9A2-434B-96B6-40D6069DED0B}.Release|x64.ActiveCfg = Release|Any CPU
		{5A14D268-F9A2-434B-96B6-40D6069DED0B}.Release|x64.Build.0 = Release|Any CPU
		{5A14D268-F9A2-434B-96B6-40D6069DED0B}.Release|x86.ActiveCfg = Release|Any CPU
		{5A14D268-F9A2-434B-96B6-40D6069DED0B}.Release|x86.Build.0 = Release|Any CPU
		{EB520907-4F1C-4A96-B1D1-3E11D8295EC6}.Debug|Any CPU.ActiveCfg = Debug|Any CPU
		{EB520907-4F1C-4A96-B1D1-3E11D8295EC6}.Debug|Any CPU.Build.0 = Debug|Any CPU
		{EB520907-4F1C-4A96-B1D1-3E11D8295EC6}.Debug|x64.ActiveCfg = Debug|Any CPU
		{EB520907-4F1C-4A96-B1D1-3E11D8295EC6}.Debug|x64.Build.0 = Debug|Any CPU
		{EB520907-4F1C-4A96-B1D1-3E11D8295EC6}.Debug|x86.ActiveCfg = Debug|Any CPU
		{EB520907-4F1C-4A96-B1D1-3E11D8295EC6}.Debug|x86.Build.0 = Debug|Any CPU
		{EB520907-4F1C-4A96-B1D1-3E11D8295EC6}.Release|Any CPU.ActiveCfg = Release|Any CPU
		{EB520907-4F1C-4A96-B1D1-3E11D8295EC6}.Release|Any CPU.Build.0 = Release|Any CPU
		{EB520907-4F1C-4A96-B1D1-3E11D8295EC6}.Release|x64.ActiveCfg = Release|Any CPU
		{EB520907-4F1C-4A96-B1D1-3E11D8295EC6}.Release|x64.Build.0 = Release|Any CPU
		{EB520907-4F1C-4A96-B1D1-3E11D8295EC6}.Release|x86.ActiveCfg = Release|Any CPU
		{EB520907-4F1C-4A96-B1D1-3E11D8295EC6}.Release|x86.Build.0 = Release|Any CPU
	EndGlobalSection
	GlobalSection(SolutionProperties) = preSolution
		HideSolutionNode = FALSE
	EndGlobalSection
	GlobalSection(NestedProjects) = preSolution
		{8B290487-4C16-E85E-E807-F579CBE9FC4D} = {827E0CD3-B72D-47B6-A68D-7590B98EB39B}
		{51CBB43F-2FC2-427B-ACDB-C836051798AB} = {8B290487-4C16-E85E-E807-F579CBE9FC4D}
		{22BAF98C-8415-17C4-B26A-D537657BC863} = {827E0CD3-B72D-47B6-A68D-7590B98EB39B}
		{DC9821D9-D6A7-4069-9133-A1E685A8CBBC} = {22BAF98C-8415-17C4-B26A-D537657BC863}
		{9048EB7F-3875-A59E-E36B-5BD4C6F2A282} = {827E0CD3-B72D-47B6-A68D-7590B98EB39B}
		{5A14D268-F9A2-434B-96B6-40D6069DED0B} = {9048EB7F-3875-A59E-E36B-5BD4C6F2A282}
		{953D89DF-FDD2-4C1A-6A43-6326114B13B5} = {827E0CD3-B72D-47B6-A68D-7590B98EB39B}
		{EB520907-4F1C-4A96-B1D1-3E11D8295EC6} = {953D89DF-FDD2-4C1A-6A43-6326114B13B5}
	EndGlobalSection
EndGlobal
